
Microsoft Visual Studio Solution File, Format Version 12.00
# Visual Studio Version 16
VisualStudioVersion = 16.0.30523.141
MinimumVisualStudioVersion = 10.0.40219.1
Project("{9A19103F-16F7-4668-BE54-9A1E7A4F7556}") = "TestHackBlazor.Server", "TestHackBlazor\Server\TestHackBlazor.Server.csproj", "{264E4401-56FB-488A-9578-A6E4A45EE953}"
EndProject
Project("{9A19103F-16F7-4668-BE54-9A1E7A4F7556}") = "TestHackBlazor.Client", "TestHackBlazor\Client\TestHackBlazor.Client.csproj", "{F0AC5C7D-8123-4DF4-9226-F95D3A07FC9B}"
EndProject
Project("{9A19103F-16F7-4668-BE54-9A1E7A4F7556}") = "TestHackBlazor.Shared", "TestHackBlazor\Shared\TestHackBlazor.Shared.csproj", "{099D0910-694A-44A2-850E-7A3FD16000E9}"
EndProject
Global
	GlobalSection(SolutionConfigurationPlatforms) = preSolution
		Debug|Any CPU = Debug|Any CPU
		Release|Any CPU = Release|Any CPU
	EndGlobalSection
	GlobalSection(ProjectConfigurationPlatforms) = postSolution
		{264E4401-56FB-488A-9578-A6E4A45EE953}.Debug|Any CPU.ActiveCfg = Debug|Any CPU
		{264E4401-56FB-488A-9578-A6E4A45EE953}.Debug|Any CPU.Build.0 = Debug|Any CPU
		{264E4401-56FB-488A-9578-A6E4A45EE953}.Release|Any CPU.ActiveCfg = Release|Any CPU
		{264E4401-56FB-488A-9578-A6E4A45EE953}.Release|Any CPU.Build.0 = Release|Any CPU
		{F0AC5C7D-8123-4DF4-9226-F95D3A07FC9B}.Debug|Any CPU.ActiveCfg = Debug|Any CPU
		{F0AC5C7D-8123-4DF4-9226-F95D3A07FC9B}.Debug|Any CPU.Build.0 = Debug|Any CPU
		{F0AC5C7D-8123-4DF4-9226-F95D3A07FC9B}.Release|Any CPU.ActiveCfg = Release|Any CPU
		{F0AC5C7D-8123-4DF4-9226-F95D3A07FC9B}.Release|Any CPU.Build.0 = Release|Any CPU
		{099D0910-694A-44A2-850E-7A3FD16000E9}.Debug|Any CPU.ActiveCfg = Debug|Any CPU
		{099D0910-694A-44A2-850E-7A3FD16000E9}.Debug|Any CPU.Build.0 = Debug|Any CPU
		{099D0910-694A-44A2-850E-7A3FD16000E9}.Release|Any CPU.ActiveCfg = Release|Any CPU
		{099D0910-694A-44A2-850E-7A3FD16000E9}.Release|Any CPU.Build.0 = Release|Any CPU
	EndGlobalSection
	GlobalSection(SolutionProperties) = preSolution
		HideSolutionNode = FALSE
	EndGlobalSection
	GlobalSection(ExtensibilityGlobals) = postSolution
		SolutionGuid = {21396770-FE78-4D8B-A5C7-D5A3652C10BE}
	EndGlobalSection
EndGlobal
